
Microsoft Visual Studio Solution File, Format Version 12.00
# Visual Studio Version 17
VisualStudioVersion = 17.8.34330.188
MinimumVisualStudioVersion = 10.0.40219.1
Project("{FAE04EC0-301F-11D3-BF4B-00C04F79EFBC}") = "DZ_DP08", "DZ_DP08\DZ_DP08.csproj", "{C273CF3B-4110-4E99-A551-45369D238624}"
EndProject
Global
	GlobalSection(SolutionConfigurationPlatforms) = preSolution
		Debug|Any CPU = Debug|Any CPU
		Release|Any CPU = Release|Any CPU
	EndGlobalSection
	GlobalSection(ProjectConfigurationPlatforms) = postSolution
		{C273CF3B-4110-4E99-A551-45369D238624}.Debug|Any CPU.ActiveCfg = Debug|Any CPU
		{C273CF3B-4110-4E99-A551-45369D238624}.Debug|Any CPU.Build.0 = Debug|Any CPU
		{C273CF3B-4110-4E99-A551-45369D238624}.Release|Any CPU.ActiveCfg = Release|Any CPU
		{C273CF3B-4110-4E99-A551-45369D238624}.Release|Any CPU.Build.0 = Release|Any CPU
	EndGlobalSection
	GlobalSection(SolutionProperties) = preSolution
		HideSolutionNode = FALSE
	EndGlobalSection
	GlobalSection(ExtensibilityGlobals) = postSolution
		SolutionGuid = {1D501260-2472-47C8-A879-7B5DB3501A45}
	EndGlobalSection
EndGlobal
